
Microsoft Visual Studio Solution File, Format Version 11.00
# Visual Studio 2010
Project("{FAE04EC0-301F-11D3-BF4B-00C04F79EFBC}") = "Scrumee.Infrastructure", "Scrumee.Infrastructure.csproj", "{95DA51B7-C17E-4615-9A83-88C0BB1C3345}"
EndProject
Global
	GlobalSection(SolutionConfigurationPlatforms) = preSolution
		Debug|Any CPU = Debug|Any CPU
		Release|Any CPU = Release|Any CPU
	EndGlobalSection
	GlobalSection(ProjectConfigurationPlatforms) = postSolution
		{95DA51B7-C17E-4615-9A83-88C0BB1C3345}.Debug|Any CPU.ActiveCfg = Debug|Any CPU
		{95DA51B7-C17E-4615-9A83-88C0BB1C3345}.Debug|Any CPU.Build.0 = Debug|Any CPU
		{95DA51B7-C17E-4615-9A83-88C0BB1C3345}.Release|Any CPU.ActiveCfg = Release|Any CPU
		{95DA51B7-C17E-4615-9A83-88C0BB1C3345}.Release|Any CPU.Build.0 = Release|Any CPU
	EndGlobalSection
	GlobalSection(SolutionProperties) = preSolution
		HideSolutionNode = FALSE
	EndGlobalSection
EndGlobal
